Microsoft Visual Studio Solution File, Format Version 12.00
# Visual Studio Version 17
VisualStudioVersion = 17.5.2.0
MinimumVisualStudioVersion = 10.0.40219.1
Project("{FAE04EC0-301F-11D3-BF4B-00C04F79EFBC}") = "methodwithParameters", "methodwithParameters\methodwithParameters.csproj", "{1B06B2F3-2FF9-B666-EE45-7EA5EDD7BABC}"
EndProject
Global
	GlobalSection(SolutionConfigurationPlatforms) = preSolution
		Debug|Any CPU = Debug|Any CPU
		Release|Any CPU = Release|Any CPU
	EndGlobalSection
	GlobalSection(ProjectConfigurationPlatforms) = postSolution
		{1B06B2F3-2FF9-B666-EE45-7EA5EDD7BABC}.Debug|Any CPU.ActiveCfg = Debug|Any CPU
		{1B06B2F3-2FF9-B666-EE45-7EA5EDD7BABC}.Debug|Any CPU.Build.0 = Debug|Any CPU
		{1B06B2F3-2FF9-B666-EE45-7EA5EDD7BABC}.Release|Any CPU.ActiveCfg = Release|Any CPU
		{1B06B2F3-2FF9-B666-EE45-7EA5EDD7BABC}.Release|Any CPU.Build.0 = Release|Any CPU
	EndGlobalSection
	GlobalSection(SolutionProperties) = preSolution
		HideSolutionNode = FALSE
	EndGlobalSection
	GlobalSection(ExtensibilityGlobals) = postSolution
		SolutionGuid = {B9CEDA35-DA14-4254-8B98-32A25B38F9B3}
	EndGlobalSection
EndGlobal
